{
  "object": {
    "pins": [
      {
        "package": "CompArch",
        "repositoryURL": "git@github.com:finestructure/CompArch.git",
        "state": {
          "branch": null,
          "revision": "b3bbb247b18b29549e905e31e5a19ebc46d1cefb",
          "version": "0.7.2"
        }
      },
      {
        "package": "CasePaths",
        "repositoryURL": "https://github.com/pointfreeco/swift-case-paths.git",
        "state": {
          "branch": null,
          "revision": "a9c1e05518b6d95cf5844d823020376f2b6ff842",
          "version": "0.1.0"
        }
      }
    ]
  },
  "version": 1
}
