// !$*UTF8*$!
{
	archiveVersion = 1;
	classes = {
	};
	objectVersion = 52;
	objects = {

/* Begin PBXBuildFile section */
		5A0AA2C923F6C2C7003627AE /* CompArch in Frameworks */ = {isa = PBXBuildFile; productRef = 5A0AA2C823F6C2C7003627AE /* CompArch */; };
		5A1EFD8623E87874003BAA72 /* IdentifiedView.swift in Sources */ = {isa = PBXBuildFile; fileRef = 5A1EFD8523E87874003BAA72 /* IdentifiedView.swift */; };
		5A1EFD8923E87918003BAA72 /* IndexedView.swift in Sources */ = {isa = PBXBuildFile; fileRef = 5A1EFD8823E87918003BAA72 /* IndexedView.swift */; };
		5A1EFD8C23E87AC0003BAA72 /* CellView.swift in Sources */ = {isa = PBXBuildFile; fileRef = 5A1EFD8B23E87AC0003BAA72 /* CellView.swift */; };
		5A1EFD8E23E880BF003BAA72 /* Item.swift in Sources */ = {isa = PBXBuildFile; fileRef = 5A1EFD8D23E880BF003BAA72 /* Item.swift */; };
		5A1EFD9123E88236003BAA72 /* ListView.swift in Sources */ = {isa = PBXBuildFile; fileRef = 5A1EFD9023E88236003BAA72 /* ListView.swift */; };
		5A24093523F8466400C4D850 /* ListCell.swift in Sources */ = {isa = PBXBuildFile; fileRef = 5A24093423F8466400C4D850 /* ListCell.swift */; };
		5A4A375E23E9D86200795403 /* CasePaths in Frameworks */ = {isa = PBXBuildFile; productRef = 5A4A375D23E9D86200795403 /* CasePaths */; };
		5A64C369241FD0E300B167C3 /* HistoryView in Frameworks */ = {isa = PBXBuildFile; productRef = 5A64C368241FD0E300B167C3 /* HistoryView */; };
		5A64C370241FE4B400B167C3 /* ContentView.swift in Sources */ = {isa = PBXBuildFile; fileRef = 5A64C36F241FE4B400B167C3 /* ContentView.swift */; };
		5A64C371241FE4C000B167C3 /* AppView.swift in Sources */ = {isa = PBXBuildFile; fileRef = 5A64C36D241FDB0500B167C3 /* AppView.swift */; };
		5AF5F87423E400A50084E2D1 /* AppDelegate.swift in Sources */ = {isa = PBXBuildFile; fileRef = 5AF5F87323E400A50084E2D1 /* AppDelegate.swift */; };
		5AF5F87623E400A50084E2D1 /* SceneDelegate.swift in Sources */ = {isa = PBXBuildFile; fileRef = 5AF5F87523E400A50084E2D1 /* SceneDelegate.swift */; };
		5AF5F87A23E400A80084E2D1 /* Assets.xcassets in Resources */ = {isa = PBXBuildFile; fileRef = 5AF5F87923E400A80084E2D1 /* Assets.xcassets */; };
		5AF5F87D23E400A80084E2D1 /* Preview Assets.xcassets in Resources */ = {isa = PBXBuildFile; fileRef = 5AF5F87C23E400A80084E2D1 /* Preview Assets.xcassets */; };
		5AF5F88023E400A80084E2D1 /* LaunchScreen.storyboard in Resources */ = {isa = PBXBuildFile; fileRef = 5AF5F87E23E400A80084E2D1 /* LaunchScreen.storyboard */; };
/* End PBXBuildFile section */

/* Begin PBXCopyFilesBuildPhase section */
		5AF5F89823E401080084E2D1 /* Embed Frameworks */ = {
			isa = PBXCopyFilesBuildPhase;
			buildActionMask = 2147483647;
			dstPath = "";
			dstSubfolderSpec = 10;
			files = (
			);
			name = "Embed Frameworks";
			runOnlyForDeploymentPostprocessing = 0;
		};
/* End PBXCopyFilesBuildPhase section */

/* Begin PBXFileReference section */
		5A1EFD8523E87874003BAA72 /* IdentifiedView.swift */ = {isa = PBXFileReference; lastKnownFileType = sourcecode.swift; path = IdentifiedView.swift; sourceTree = "<group>"; };
		5A1EFD8823E87918003BAA72 /* IndexedView.swift */ = {isa = PBXFileReference; lastKnownFileType = sourcecode.swift; path = IndexedView.swift; sourceTree = "<group>"; };
		5A1EFD8B23E87AC0003BAA72 /* CellView.swift */ = {isa = PBXFileReference; lastKnownFileType = sourcecode.swift; path = CellView.swift; sourceTree = "<group>"; };
		5A1EFD8D23E880BF003BAA72 /* Item.swift */ = {isa = PBXFileReference; lastKnownFileType = sourcecode.swift; path = Item.swift; sourceTree = "<group>"; };
		5A1EFD9023E88236003BAA72 /* ListView.swift */ = {isa = PBXFileReference; lastKnownFileType = sourcecode.swift; path = ListView.swift; sourceTree = "<group>"; };
		5A24093423F8466400C4D850 /* ListCell.swift */ = {isa = PBXFileReference; lastKnownFileType = sourcecode.swift; path = ListCell.swift; sourceTree = "<group>"; };
		5A64C36D241FDB0500B167C3 /* AppView.swift */ = {isa = PBXFileReference; lastKnownFileType = sourcecode.swift; path = AppView.swift; sourceTree = "<group>"; };
		5A64C36F241FE4B400B167C3 /* ContentView.swift */ = {isa = PBXFileReference; fileEncoding = 4; lastKnownFileType = sourcecode.swift; path = ContentView.swift; sourceTree = "<group>"; };
		5AF5F87023E400A50084E2D1 /* PFCompArch.app */ = {isa = PBXFileReference; explicitFileType = wrapper.application; includeInIndex = 0; path = PFCompArch.app; sourceTree = BUILT_PRODUCTS_DIR; };
		5AF5F87323E400A50084E2D1 /* AppDelegate.swift */ = {isa = PBXFileReference; lastKnownFileType = sourcecode.swift; path = AppDelegate.swift; sourceTree = "<group>"; };
		5AF5F87523E400A50084E2D1 /* SceneDelegate.swift */ = {isa = PBXFileReference; lastKnownFileType = sourcecode.swift; path = SceneDelegate.swift; sourceTree = "<group>"; };
		5AF5F87923E400A80084E2D1 /* Assets.xcassets */ = {isa = PBXFileReference; lastKnownFileType = folder.assetcatalog; path = Assets.xcassets; sourceTree = "<group>"; };
		5AF5F87C23E400A80084E2D1 /* Preview Assets.xcassets */ = {isa = PBXFileReference; lastKnownFileType = folder.assetcatalog; path = "Preview Assets.xcassets"; sourceTree = "<group>"; };
		5AF5F87F23E400A80084E2D1 /* Base */ = {isa = PBXFileReference; lastKnownFileType = file.storyboard; name = Base; path = Base.lproj/LaunchScreen.storyboard; sourceTree = "<group>"; };
		5AF5F88123E400A80084E2D1 /* Info.plist */ = {isa = PBXFileReference; lastKnownFileType = text.plist.xml; path = Info.plist; sourceTree = "<group>"; };
/* End PBXFileReference section */

/* Begin PBXFrameworksBuildPhase section */
		5AF5F86D23E400A50084E2D1 /* Frameworks */ = {
			isa = PBXFrameworksBuildPhase;
			buildActionMask = 2147483647;
			files = (
				5A64C369241FD0E300B167C3 /* HistoryView in Frameworks */,
				5A4A375E23E9D86200795403 /* CasePaths in Frameworks */,
				5A0AA2C923F6C2C7003627AE /* CompArch in Frameworks */,
			);
			runOnlyForDeploymentPostprocessing = 0;
		};
/* End PBXFrameworksBuildPhase section */

/* Begin PBXGroup section */
		5A1EFD8423E87780003BAA72 /* IndexedTab */ = {
			isa = PBXGroup;
			children = (
				5A1EFD8823E87918003BAA72 /* IndexedView.swift */,
			);
			path = IndexedTab;
			sourceTree = "<group>";
		};
		5A1EFD8723E878FF003BAA72 /* IdentifiedTab */ = {
			isa = PBXGroup;
			children = (
				5A1EFD8523E87874003BAA72 /* IdentifiedView.swift */,
			);
			path = IdentifiedTab;
			sourceTree = "<group>";
		};
		5A1EFD8A23E87AA5003BAA72 /* Common */ = {
			isa = PBXGroup;
			children = (
				5A1EFD8B23E87AC0003BAA72 /* CellView.swift */,
				5A1EFD8D23E880BF003BAA72 /* Item.swift */,
			);
			path = Common;
			sourceTree = "<group>";
		};
		5A1EFD8F23E8821D003BAA72 /* ListTab */ = {
			isa = PBXGroup;
			children = (
				5A24093423F8466400C4D850 /* ListCell.swift */,
				5A1EFD9023E88236003BAA72 /* ListView.swift */,
			);
			path = ListTab;
			sourceTree = "<group>";
		};
		5A4A376123E9DDDD00795403 /* Frameworks */ = {
			isa = PBXGroup;
			children = (
			);
			name = Frameworks;
			sourceTree = "<group>";
		};
		5AF5F86723E400A50084E2D1 = {
			isa = PBXGroup;
			children = (
				5AF5F87223E400A50084E2D1 /* PFCompArch */,
				5AF5F87123E400A50084E2D1 /* Products */,
				5A4A376123E9DDDD00795403 /* Frameworks */,
			);
			sourceTree = "<group>";
		};
		5AF5F87123E400A50084E2D1 /* Products */ = {
			isa = PBXGroup;
			children = (
				5AF5F87023E400A50084E2D1 /* PFCompArch.app */,
			);
			name = Products;
			sourceTree = "<group>";
		};
		5AF5F87223E400A50084E2D1 /* PFCompArch */ = {
			isa = PBXGroup;
			children = (
				5A1EFD8A23E87AA5003BAA72 /* Common */,
				5A1EFD8723E878FF003BAA72 /* IdentifiedTab */,
				5A1EFD8423E87780003BAA72 /* IndexedTab */,
				5A1EFD8F23E8821D003BAA72 /* ListTab */,
				5AF5F87323E400A50084E2D1 /* AppDelegate.swift */,
				5A64C36D241FDB0500B167C3 /* AppView.swift */,
				5A64C36F241FE4B400B167C3 /* ContentView.swift */,
				5AF5F87523E400A50084E2D1 /* SceneDelegate.swift */,
				5AF5F87923E400A80084E2D1 /* Assets.xcassets */,
				5AF5F87E23E400A80084E2D1 /* LaunchScreen.storyboard */,
				5AF5F88123E400A80084E2D1 /* Info.plist */,
				5AF5F87B23E400A80084E2D1 /* Preview Content */,
			);
			path = PFCompArch;
			sourceTree = "<group>";
		};
		5AF5F87B23E400A80084E2D1 /* Preview Content */ = {
			isa = PBXGroup;
			children = (
				5AF5F87C23E400A80084E2D1 /* Preview Assets.xcassets */,
			);
			path = "Preview Content";
			sourceTree = "<group>";
		};
/* End PBXGroup section */

/* Begin PBXNativeTarget section */
		5AF5F86F23E400A50084E2D1 /* PFCompArch */ = {
			isa = PBXNativeTarget;
			buildConfigurationList = 5AF5F88423E400A80084E2D1 /* Build configuration list for PBXNativeTarget "PFCompArch" */;
			buildPhases = (
				5AF5F86C23E400A50084E2D1 /* Sources */,
				5AF5F86D23E400A50084E2D1 /* Frameworks */,
				5AF5F86E23E400A50084E2D1 /* Resources */,
				5AF5F89823E401080084E2D1 /* Embed Frameworks */,
			);
			buildRules = (
			);
			dependencies = (
			);
			name = PFCompArch;
			packageProductDependencies = (
				5A4A375D23E9D86200795403 /* CasePaths */,
				5A0AA2C823F6C2C7003627AE /* CompArch */,
				5A64C368241FD0E300B167C3 /* HistoryView */,
			);
			productName = PFCompArch;
			productReference = 5AF5F87023E400A50084E2D1 /* PFCompArch.app */;
			productType = "com.apple.product-type.application";
		};
/* End PBXNativeTarget section */

/* Begin PBXProject section */
		5AF5F86823E400A50084E2D1 /* Project object */ = {
			isa = PBXProject;
			attributes = {
				LastSwiftUpdateCheck = 1130;
				LastUpgradeCheck = 1130;
				ORGANIZATIONNAME = finestructure;
				TargetAttributes = {
					5AF5F86F23E400A50084E2D1 = {
						CreatedOnToolsVersion = 11.3.1;
					};
				};
			};
			buildConfigurationList = 5AF5F86B23E400A50084E2D1 /* Build configuration list for PBXProject "PFCompArch" */;
			compatibilityVersion = "Xcode 9.3";
			developmentRegion = en;
			hasScannedForEncodings = 0;
			knownRegions = (
				en,
				Base,
			);
			mainGroup = 5AF5F86723E400A50084E2D1;
			packageReferences = (
				5A4A375C23E9D86200795403 /* XCRemoteSwiftPackageReference "swift-case-paths" */,
				5A0AA2C723F6C2C7003627AE /* XCRemoteSwiftPackageReference "CompArch" */,
				5A64C367241FD0E300B167C3 /* XCRemoteSwiftPackageReference "HistoryView" */,
			);
			productRefGroup = 5AF5F87123E400A50084E2D1 /* Products */;
			projectDirPath = "";
			projectRoot = "";
			targets = (
				5AF5F86F23E400A50084E2D1 /* PFCompArch */,
			);
		};
/* End PBXProject section */

/* Begin PBXResourcesBuildPhase section */
		5AF5F86E23E400A50084E2D1 /* Resources */ = {
			isa = PBXResourcesBuildPhase;
			buildActionMask = 2147483647;
			files = (
				5AF5F88023E400A80084E2D1 /* LaunchScreen.storyboard in Resources */,
				5AF5F87D23E400A80084E2D1 /* Preview Assets.xcassets in Resources */,
				5AF5F87A23E400A80084E2D1 /* Assets.xcassets in Resources */,
			);
			runOnlyForDeploymentPostprocessing = 0;
		};
/* End PBXResourcesBuildPhase section */

/* Begin PBXSourcesBuildPhase section */
		5AF5F86C23E400A50084E2D1 /* Sources */ = {
			isa = PBXSourcesBuildPhase;
			buildActionMask = 2147483647;
			files = (
				5A1EFD9123E88236003BAA72 /* ListView.swift in Sources */,
				5AF5F87423E400A50084E2D1 /* AppDelegate.swift in Sources */,
				5AF5F87623E400A50084E2D1 /* SceneDelegate.swift in Sources */,
				5A1EFD8C23E87AC0003BAA72 /* CellView.swift in Sources */,
				5A1EFD8E23E880BF003BAA72 /* Item.swift in Sources */,
				5A64C370241FE4B400B167C3 /* ContentView.swift in Sources */,
				5A24093523F8466400C4D850 /* ListCell.swift in Sources */,
				5A1EFD8923E87918003BAA72 /* IndexedView.swift in Sources */,
				5A64C371241FE4C000B167C3 /* AppView.swift in Sources */,
				5A1EFD8623E87874003BAA72 /* IdentifiedView.swift in Sources */,
			);
			runOnlyForDeploymentPostprocessing = 0;
		};
/* End PBXSourcesBuildPhase section */

/* Begin PBXVariantGroup section */
		5AF5F87E23E400A80084E2D1 /* LaunchScreen.storyboard */ = {
			isa = PBXVariantGroup;
			children = (
				5AF5F87F23E400A80084E2D1 /* Base */,
			);
			name = LaunchScreen.storyboard;
			sourceTree = "<group>";
		};
/* End PBXVariantGroup section */

/* Begin XCBuildConfiguration section */
		5AF5F88223E400A80084E2D1 /* Debug */ = {
			isa = XCBuildConfiguration;
			buildSettings = {
				ALWAYS_SEARCH_USER_PATHS = NO;
				CLANG_ANALYZER_NONNULL = YES;
				CLANG_ANALYZER_NUMBER_OBJECT_CONVERSION = YES_AGGRESSIVE;
				CLANG_CXX_LANGUAGE_STANDARD = "gnu++14";
				CLANG_CXX_LIBRARY = "libc++";
				CLANG_ENABLE_MODULES = YES;
				CLANG_ENABLE_OBJC_ARC = YES;
				CLANG_ENABLE_OBJC_WEAK = YES;
				CLANG_WARN_BLOCK_CAPTURE_AUTORELEASING = YES;
				CLANG_WARN_BOOL_CONVERSION = YES;
				CLANG_WARN_COMMA = YES;
				CLANG_WARN_CONSTANT_CONVERSION = YES;
				CLANG_WARN_DEPRECATED_OBJC_IMPLEMENTATIONS = YES;
				CLANG_WARN_DIRECT_OBJC_ISA_USAGE = YES_ERROR;
				CLANG_WARN_DOCUMENTATION_COMMENTS = YES;
				CLANG_WARN_EMPTY_BODY = YES;
				CLANG_WARN_ENUM_CONVERSION = YES;
				CLANG_WARN_INFINITE_RECURSION = YES;
				CLANG_WARN_INT_CONVERSION = YES;
				CLANG_WARN_NON_LITERAL_NULL_CONVERSION = YES;
				CLANG_WARN_OBJC_IMPLICIT_RETAIN_SELF = YES;
				CLANG_WARN_OBJC_LITERAL_CONVERSION = YES;
				CLANG_WARN_OBJC_ROOT_CLASS = YES_ERROR;
				CLANG_WARN_RANGE_LOOP_ANALYSIS = YES;
				CLANG_WARN_STRICT_PROTOTYPES = YES;
				CLANG_WARN_SUSPICIOUS_MOVE = YES;
				CLANG_WARN_UNGUARDED_AVAILABILITY = YES_AGGRESSIVE;
				CLANG_WARN_UNREACHABLE_CODE = YES;
				CLANG_WARN__DUPLICATE_METHOD_MATCH = YES;
				COPY_PHASE_STRIP = NO;
				DEBUG_INFORMATION_FORMAT = dwarf;
				ENABLE_STRICT_OBJC_MSGSEND = YES;
				ENABLE_TESTABILITY = YES;
				GCC_C_LANGUAGE_STANDARD = gnu11;
				GCC_DYNAMIC_NO_PIC = NO;
				GCC_NO_COMMON_BLOCKS = YES;
				GCC_OPTIMIZATION_LEVEL = 0;
				GCC_PREPROCESSOR_DEFINITIONS = (
					"DEBUG=1",
					"$(inherited)",
				);
				GCC_WARN_64_TO_32_BIT_CONVERSION = YES;
				GCC_WARN_ABOUT_RETURN_TYPE = YES_ERROR;
				GCC_WARN_UNDECLARED_SELECTOR = YES;
				GCC_WARN_UNINITIALIZED_AUTOS = YES_AGGRESSIVE;
				GCC_WARN_UNUSED_FUNCTION = YES;
				GCC_WARN_UNUSED_VARIABLE = YES;
				IPHONEOS_DEPLOYMENT_TARGET = 13.2;
				MTL_ENABLE_DEBUG_INFO = INCLUDE_SOURCE;
				MTL_FAST_MATH = YES;
				ONLY_ACTIVE_ARCH = YES;
				SDKROOT = iphoneos;
				SWIFT_ACTIVE_COMPILATION_CONDITIONS = DEBUG;
				SWIFT_OPTIMIZATION_LEVEL = "-Onone";
			};
			name = Debug;
		};
		5AF5F88323E400A80084E2D1 /* Release */ = {
			isa = XCBuildConfiguration;
			buildSettings = {
				ALWAYS_SEARCH_USER_PATHS = NO;
				CLANG_ANALYZER_NONNULL = YES;
				CLANG_ANALYZER_NUMBER_OBJECT_CONVERSION = YES_AGGRESSIVE;
				CLANG_CXX_LANGUAGE_STANDARD = "gnu++14";
				CLANG_CXX_LIBRARY = "libc++";
				CLANG_ENABLE_MODULES = YES;
				CLANG_ENABLE_OBJC_ARC = YES;
				CLANG_ENABLE_OBJC_WEAK = YES;
				CLANG_WARN_BLOCK_CAPTURE_AUTORELEASING = YES;
				CLANG_WARN_BOOL_CONVERSION = YES;
				CLANG_WARN_COMMA = YES;
				CLANG_WARN_CONSTANT_CONVERSION = YES;
				CLANG_WARN_DEPRECATED_OBJC_IMPLEMENTATIONS = YES;
				CLANG_WARN_DIRECT_OBJC_ISA_USAGE = YES_ERROR;
				CLANG_WARN_DOCUMENTATION_COMMENTS = YES;
				CLANG_WARN_EMPTY_BODY = YES;
				CLANG_WARN_ENUM_CONVERSION = YES;
				CLANG_WARN_INFINITE_RECURSION = YES;
				CLANG_WARN_INT_CONVERSION = YES;
				CLANG_WARN_NON_LITERAL_NULL_CONVERSION = YES;
				CLANG_WARN_OBJC_IMPLICIT_RETAIN_SELF = YES;
				CLANG_WARN_OBJC_LITERAL_CONVERSION = YES;
				CLANG_WARN_OBJC_ROOT_CLASS = YES_ERROR;
				CLANG_WARN_RANGE_LOOP_ANALYSIS = YES;
				CLANG_WARN_STRICT_PROTOTYPES = YES;
				CLANG_WARN_SUSPICIOUS_MOVE = YES;
				CLANG_WARN_UNGUARDED_AVAILABILITY = YES_AGGRESSIVE;
				CLANG_WARN_UNREACHABLE_CODE = YES;
				CLANG_WARN__DUPLICATE_METHOD_MATCH = YES;
				COPY_PHASE_STRIP = NO;
				DEBUG_INFORMATION_FORMAT = "dwarf-with-dsym";
				ENABLE_NS_ASSERTIONS = NO;
				ENABLE_STRICT_OBJC_MSGSEND = YES;
				GCC_C_LANGUAGE_STANDARD = gnu11;
				GCC_NO_COMMON_BLOCKS = YES;
				GCC_WARN_64_TO_32_BIT_CONVERSION = YES;
				GCC_WARN_ABOUT_RETURN_TYPE = YES_ERROR;
				GCC_WARN_UNDECLARED_SELECTOR = YES;
				GCC_WARN_UNINITIALIZED_AUTOS = YES_AGGRESSIVE;
				GCC_WARN_UNUSED_FUNCTION = YES;
				GCC_WARN_UNUSED_VARIABLE = YES;
				IPHONEOS_DEPLOYMENT_TARGET = 13.2;
				MTL_ENABLE_DEBUG_INFO = NO;
				MTL_FAST_MATH = YES;
				SDKROOT = iphoneos;
				SWIFT_COMPILATION_MODE = wholemodule;
				SWIFT_OPTIMIZATION_LEVEL = "-O";
				VALIDATE_PRODUCT = YES;
			};
			name = Release;
		};
		5AF5F88523E400A80084E2D1 /* Debug */ = {
			isa = XCBuildConfiguration;
			buildSettings = {
				ALWAYS_EMBED_SWIFT_STANDARD_LIBRARIES = YES;
				ASSETCATALOG_COMPILER_APPICON_NAME = AppIcon;
				CODE_SIGN_STYLE = Automatic;
				DEVELOPMENT_ASSET_PATHS = "\"PFCompArch/Preview Content\"";
				DEVELOPMENT_TEAM = A42K5AU657;
				ENABLE_PREVIEWS = YES;
				INFOPLIST_FILE = PFCompArch/Info.plist;
				LD_RUNPATH_SEARCH_PATHS = (
					"$(inherited)",
					"@executable_path/Frameworks",
				);
				PRODUCT_BUNDLE_IDENTIFIER = co.finestructure.PFCompArch;
				PRODUCT_NAME = "$(TARGET_NAME)";
				SWIFT_VERSION = 5.0;
				TARGETED_DEVICE_FAMILY = "1,2";
			};
			name = Debug;
		};
		5AF5F88623E400A80084E2D1 /* Release */ = {
			isa = XCBuildConfiguration;
			buildSettings = {
				ALWAYS_EMBED_SWIFT_STANDARD_LIBRARIES = YES;
				ASSETCATALOG_COMPILER_APPICON_NAME = AppIcon;
				CODE_SIGN_STYLE = Automatic;
				DEVELOPMENT_ASSET_PATHS = "\"PFCompArch/Preview Content\"";
				DEVELOPMENT_TEAM = A42K5AU657;
				ENABLE_PREVIEWS = YES;
				INFOPLIST_FILE = PFCompArch/Info.plist;
				LD_RUNPATH_SEARCH_PATHS = (
					"$(inherited)",
					"@executable_path/Frameworks",
				);
				PRODUCT_BUNDLE_IDENTIFIER = co.finestructure.PFCompArch;
				PRODUCT_NAME = "$(TARGET_NAME)";
				SWIFT_VERSION = 5.0;
				TARGETED_DEVICE_FAMILY = "1,2";
			};
			name = Release;
		};
/* End XCBuildConfiguration section */

/* Begin XCConfigurationList section */
		5AF5F86B23E400A50084E2D1 /* Build configuration list for PBXProject "PFCompArch" */ = {
			isa = XCConfigurationList;
			buildConfigurations = (
				5AF5F88223E400A80084E2D1 /* Debug */,
				5AF5F88323E400A80084E2D1 /* Release */,
			);
			defaultConfigurationIsVisible = 0;
			defaultConfigurationName = Release;
		};
		5AF5F88423E400A80084E2D1 /* Build configuration list for PBXNativeTarget "PFCompArch" */ = {
			isa = XCConfigurationList;
			buildConfigurations = (
				5AF5F88523E400A80084E2D1 /* Debug */,
				5AF5F88623E400A80084E2D1 /* Release */,
			);
			defaultConfigurationIsVisible = 0;
			defaultConfigurationName = Release;
		};
/* End XCConfigurationList section */

/* Begin XCRemoteSwiftPackageReference section */
		5A0AA2C723F6C2C7003627AE /* XCRemoteSwiftPackageReference "CompArch" */ = {
			isa = XCRemoteSwiftPackageReference;
			repositoryURL = "git@github.com:finestructure/CompArch.git";
			requirement = {
				kind = upToNextMajorVersion;
				minimumVersion = 0.1.0;
			};
		};
		5A4A375C23E9D86200795403 /* XCRemoteSwiftPackageReference "swift-case-paths" */ = {
			isa = XCRemoteSwiftPackageReference;
			repositoryURL = "https://github.com/pointfreeco/swift-case-paths.git";
			requirement = {
				kind = upToNextMajorVersion;
				minimumVersion = 0.1.0;
			};
		};
		5A64C367241FD0E300B167C3 /* XCRemoteSwiftPackageReference "HistoryView" */ = {
			isa = XCRemoteSwiftPackageReference;
			repositoryURL = "https://github.com/finestructure/HistoryView";
			requirement = {
				kind = upToNextMajorVersion;
				minimumVersion = 0.3.0;
			};
		};
/* End XCRemoteSwiftPackageReference section */

/* Begin XCSwiftPackageProductDependency section */
		5A0AA2C823F6C2C7003627AE /* CompArch */ = {
			isa = XCSwiftPackageProductDependency;
			package = 5A0AA2C723F6C2C7003627AE /* XCRemoteSwiftPackageReference "CompArch" */;
			productName = CompArch;
		};
		5A4A375D23E9D86200795403 /* CasePaths */ = {
			isa = XCSwiftPackageProductDependency;
			package = 5A4A375C23E9D86200795403 /* XCRemoteSwiftPackageReference "swift-case-paths" */;
			productName = CasePaths;
		};
		5A64C368241FD0E300B167C3 /* HistoryView */ = {
			isa = XCSwiftPackageProductDependency;
			package = 5A64C367241FD0E300B167C3 /* XCRemoteSwiftPackageReference "HistoryView" */;
			productName = HistoryView;
		};
/* End XCSwiftPackageProductDependency section */
	};
	rootObject = 5AF5F86823E400A50084E2D1 /* Project object */;
}
